<?xml version="1.0" encoding="utf-8"?>
<Project ToolsVersion="4.0" xmlns="http://schemas.microsoft.com/developer/msbuild/2003">
  <ItemGroup>
    <Filter Include="Source Files">
      <UniqueIdentifier>{4FC737F1-C7A5-4376-A066-2A32D752A2FF}</UniqueIdentifier>
      <Extensions>cpp;c;cc;cxx;def;odl;idl;hpj;bat;asm;asmx</Extensions>
    </Filter>
    <Filter Include="Header Files">
      <UniqueIdentifier>{93995380-89BD-4b04-88EB-625FBE52EBFB}</UniqueIdentifier>
      <Extensions>h;hh;hpp;hxx;hm;inl;inc;xsd</Extensions>
    </Filter>
    <Filter Include="Resource Files">
      <UniqueIdentifier>{67DA6AB6-F800-4c08-8B7A-83BB121AAD01}</UniqueIdentifier>
      <Extensions>rc;ico;cur;bmp;dlg;rc2;rct;bin;rgs;gif;jpg;jpeg;jpe;resx;tiff;tif;png;wav;mfcribbon-ms</Extensions>
    </Filter>
  </ItemGroup>
  <ItemGroup>
    <ClCompile Include="..\..\..\..\..\..\..\Daniel Tyrer- C++ Project Source Code\Bet_Calculator.cpp">
      <Filter>Source Files</Filter>
    </ClCompile>
    <ClCompile Include="..\..\..\..\..\..\..\Daniel Tyrer- C++ Project Source Code\Bet_Window.cpp">
      <Filter>Source Files</Filter>
    </ClCompile>
    <ClCompile Include="..\..\..\..\..\..\..\Daniel Tyrer- C++ Project Source Code\datfile_window.cpp">
      <Filter>Source Files</Filter>
    </ClCompile>
    <ClCompile Include="..\..\..\..\..\..\..\Daniel Tyrer- C++ Project Source Code\endgame_window.cpp">
      <Filter>Source Files</Filter>
    </ClCompile>
    <ClCompile Include="..\..\..\..\..\..\..\Daniel Tyrer- C++ Project Source Code\game_window.cpp">
      <Filter>Source Files</Filter>
    </ClCompile>
    <ClCompile Include="..\..\..\..\..\..\..\Daniel Tyrer- C++ Project Source Code\Highscore_List.cpp">
      <Filter>Source Files</Filter>
    </ClCompile>
    <ClCompile Include="..\..\..\..\..\..\..\Daniel Tyrer- C++ Project Source Code\Innerbet_Window.cpp">
      <Filter>Source Files</Filter>
    </ClCompile>
    <ClCompile Include="..\..\..\..\..\..\..\Daniel Tyrer- C++ Project Source Code\Inside_Window.cpp">
      <Filter>Source Files</Filter>
    </ClCompile>
    <ClCompile Include="..\..\..\..\..\..\..\Daniel Tyrer- C++ Project Source Code\JPEG_Image_Box.cpp">
      <Filter>Source Files</Filter>
    </ClCompile>
    <ClCompile Include="..\..\..\..\..\..\..\Daniel Tyrer- C++ Project Source Code\Main.cpp">
      <Filter>Source Files</Filter>
    </ClCompile>
    <ClCompile Include="..\..\..\..\..\..\..\Daniel Tyrer- C++ Project Source Code\message_box.cpp">
      <Filter>Source Files</Filter>
    </ClCompile>
    <ClCompile Include="..\..\..\..\..\..\..\Daniel Tyrer- C++ Project Source Code\notification_window.cpp">
      <Filter>Source Files</Filter>
    </ClCompile>
    <ClCompile Include="..\..\..\..\..\..\..\Daniel Tyrer- C++ Project Source Code\Outerbet_Window.cpp">
      <Filter>Source Files</Filter>
    </ClCompile>
    <ClCompile Include="..\..\..\..\..\..\..\Daniel Tyrer- C++ Project Source Code\outside_window.cpp">
      <Filter>Source Files</Filter>
    </ClCompile>
    <ClCompile Include="..\..\..\..\..\..\..\Daniel Tyrer- C++ Project Source Code\player.cpp">
      <Filter>Source Files</Filter>
    </ClCompile>
    <ClCompile Include="..\..\..\..\..\..\..\Daniel Tyrer- C++ Project Source Code\Question_Window.cpp">
      <Filter>Source Files</Filter>
    </ClCompile>
    <ClCompile Include="..\..\..\..\..\..\..\Daniel Tyrer- C++ Project Source Code\Quit_Window.cpp">
      <Filter>Source Files</Filter>
    </ClCompile>
    <ClCompile Include="..\..\..\..\..\..\..\Daniel Tyrer- C++ Project Source Code\roulette_menu.cpp">
      <Filter>Source Files</Filter>
    </ClCompile>
    <ClCompile Include="..\..\..\..\..\..\..\Daniel Tyrer- C++ Project Source Code\Score_Data.cpp">
      <Filter>Source Files</Filter>
    </ClCompile>
    <ClCompile Include="..\..\..\..\..\..\..\Daniel Tyrer- C++ Project Source Code\Score_Window.cpp">
      <Filter>Source Files</Filter>
    </ClCompile>
    <ClCompile Include="..\..\..\..\..\..\..\Daniel Tyrer- C++ Project Source Code\Startup_Window.cpp">
      <Filter>Source Files</Filter>
    </ClCompile>
    <ClCompile Include="..\..\..\..\..\..\..\Daniel Tyrer- C++ Project Source Code\Useful_Functions.cpp">
      <Filter>Source Files</Filter>
    </ClCompile>
  </ItemGroup>
  <ItemGroup>
    <ClInclude Include="..\..\..\..\..\..\..\Daniel Tyrer- C++ Project Source Code\Bet_Calculator.h">
      <Filter>Header Files</Filter>
    </ClInclude>
    <ClInclude Include="..\..\..\..\..\..\..\Daniel Tyrer- C++ Project Source Code\Bet_Window.h">
      <Filter>Header Files</Filter>
    </ClInclude>
    <ClInclude Include="..\..\..\..\..\..\..\Daniel Tyrer- C++ Project Source Code\Datfile_Window.h">
      <Filter>Header Files</Filter>
    </ClInclude>
    <ClInclude Include="..\..\..\..\..\..\..\Daniel Tyrer- C++ Project Source Code\Endgame_Window.h">
      <Filter>Header Files</Filter>
    </ClInclude>
    <ClInclude Include="..\..\..\..\..\..\..\Daniel Tyrer- C++ Project Source Code\Game_Window.h">
      <Filter>Header Files</Filter>
    </ClInclude>
    <ClInclude Include="..\..\..\..\..\..\..\Daniel Tyrer- C++ Project Source Code\Highscore_List.h">
      <Filter>Header Files</Filter>
    </ClInclude>
    <ClInclude Include="..\..\..\..\..\..\..\Daniel Tyrer- C++ Project Source Code\Innerbet_Window.h">
      <Filter>Header Files</Filter>
    </ClInclude>
    <ClInclude Include="..\..\..\..\..\..\..\Daniel Tyrer- C++ Project Source Code\Inside_Window.h">
      <Filter>Header Files</Filter>
    </ClInclude>
    <ClInclude Include="..\..\..\..\..\..\..\Daniel Tyrer- C++ Project Source Code\JPEG_Image_Box.h">
      <Filter>Header Files</Filter>
    </ClInclude>
    <ClInclude Include="..\..\..\..\..\..\..\Daniel Tyrer- C++ Project Source Code\Message_Box.h">
      <Filter>Header Files</Filter>
    </ClInclude>
    <ClInclude Include="..\..\..\..\..\..\..\Daniel Tyrer- C++ Project Source Code\Notification_Window.h">
      <Filter>Header Files</Filter>
    </ClInclude>
    <ClInclude Include="..\..\..\..\..\..\..\Daniel Tyrer- C++ Project Source Code\Outerbet_Window.h">
      <Filter>Header Files</Filter>
    </ClInclude>
    <ClInclude Include="..\..\..\..\..\..\..\Daniel Tyrer- C++ Project Source Code\Outside_Window.h">
      <Filter>Header Files</Filter>
    </ClInclude>
    <ClInclude Include="..\..\..\..\..\..\..\Daniel Tyrer- C++ Project Source Code\Player.h">
      <Filter>Header Files</Filter>
    </ClInclude>
    <ClInclude Include="..\..\..\..\..\..\..\Daniel Tyrer- C++ Project Source Code\Question_Window.h">
      <Filter>Header Files</Filter>
    </ClInclude>
    <ClInclude Include="..\..\..\..\..\..\..\Daniel Tyrer- C++ Project Source Code\Quit_Window.h">
      <Filter>Header Files</Filter>
    </ClInclude>
    <ClInclude Include="..\..\..\..\..\..\..\Daniel Tyrer- C++ Project Source Code\Roulette_Menu.h">
      <Filter>Header Files</Filter>
    </ClInclude>
    <ClInclude Include="..\..\..\..\..\..\..\Daniel Tyrer- C++ Project Source Code\Score_Data.h">
      <Filter>Header Files</Filter>
    </ClInclude>
    <ClInclude Include="..\..\..\..\..\..\..\Daniel Tyrer- C++ Project Source Code\Score_Window.h">
      <Filter>Header Files</Filter>
    </ClInclude>
    <ClInclude Include="..\..\..\..\..\..\..\Daniel Tyrer- C++ Project Source Code\Startup_Window.h">
      <Filter>Header Files</Filter>
    </ClInclude>
    <ClInclude Include="..\..\..\..\..\..\..\Daniel Tyrer- C++ Project Source Code\Useful_Functions.h">
      <Filter>Header Files</Filter>
    </ClInclude>
  </ItemGroup>
  <ItemGroup>
    <Image Include="..\..\..\..\..\..\..\Daniel Tyrer- C++ Project Source Code\Cas.jpg">
      <Filter>Resource Files</Filter>
    </Image>
    <Image Include="..\..\..\..\..\..\..\Daniel Tyrer- C++ Project Source Code\Cas2.jpg">
      <Filter>Resource Files</Filter>
    </Image>
    <Image Include="..\..\..\..\..\..\..\Daniel Tyrer- C++ Project Source Code\Cas3.jpg">
      <Filter>Resource Files</Filter>
    </Image>
    <Image Include="..\..\..\..\..\..\..\Daniel Tyrer- C++ Project Source Code\Cas4.jpg">
      <Filter>Resource Files</Filter>
    </Image>
    <Image Include="..\..\..\..\..\..\..\Daniel Tyrer- C++ Project Source Code\Cas5.jpg">
      <Filter>Resource Files</Filter>
    </Image>
    <Image Include="..\..\..\..\..\..\..\Daniel Tyrer- C++ Project Source Code\Cas6.jpg">
      <Filter>Resource Files</Filter>
    </Image>
    <Image Include="..\..\..\..\..\..\..\Daniel Tyrer- C++ Project Source Code\Cas7.jpg">
      <Filter>Resource Files</Filter>
    </Image>
    <Image Include="..\..\..\..\..\..\..\Daniel Tyrer- C++ Project Source Code\Cas8.jpg">
      <Filter>Resource Files</Filter>
    </Image>
    <Image Include="..\..\..\..\..\..\..\Daniel Tyrer- C++ Project Source Code\Cas9.jpg">
      <Filter>Resource Files</Filter>
    </Image>
    <Image Include="..\..\..\..\..\..\..\Daniel Tyrer- C++ Project Source Code\Cas10.jpg">
      <Filter>Resource Files</Filter>
    </Image>
    <Image Include="..\..\..\..\..\..\..\Daniel Tyrer- C++ Project Source Code\Cas11.jpg">
      <Filter>Resource Files</Filter>
    </Image>
    <Image Include="..\..\..\..\..\..\..\Daniel Tyrer- C++ Project Source Code\Cas12.jpg">
      <Filter>Resource Files</Filter>
    </Image>
    <Image Include="..\..\..\..\..\..\..\Daniel Tyrer- C++ Project Source Code\Cas13.jpg">
      <Filter>Resource Files</Filter>
    </Image>
    <Image Include="..\..\..\..\..\..\..\Daniel Tyrer- C++ Project Source Code\Cas14.jpg">
      <Filter>Resource Files</Filter>
    </Image>
    <Image Include="..\..\..\..\..\..\..\Daniel Tyrer- C++ Project Source Code\table.jpg">
      <Filter>Resource Files</Filter>
    </Image>
    <Image Include="..\..\..\..\..\..\..\Daniel Tyrer- C++ Project Source Code\wheel1.jpg">
      <Filter>Resource Files</Filter>
    </Image>
    <Image Include="..\..\..\..\..\..\..\Daniel Tyrer- C++ Project Source Code\wheel2.jpg">
      <Filter>Resource Files</Filter>
    </Image>
    <Image Include="..\..\..\..\..\..\..\Daniel Tyrer- C++ Project Source Code\wheel3.jpg">
      <Filter>Resource Files</Filter>
    </Image>
    <Image Include="..\..\..\..\..\..\..\Daniel Tyrer- C++ Project Source Code\wheel4.jpg">
      <Filter>Resource Files</Filter>
    </Image>
    <Image Include="..\..\..\..\..\..\..\Daniel Tyrer- C++ Project Source Code\wheel5.jpg">
      <Filter>Resource Files</Filter>
    </Image>
    <Image Include="..\..\..\..\..\..\..\Daniel Tyrer- C++ Project Source Code\wheel6.jpg">
      <Filter>Resource Files</Filter>
    </Image>
    <Image Include="..\..\..\..\..\..\..\Daniel Tyrer- C++ Project Source Code\wheel7.jpg">
      <Filter>Resource Files</Filter>
    </Image>
    <Image Include="..\..\..\..\..\..\..\Daniel Tyrer- C++ Project Source Code\wheel8.jpg">
      <Filter>Resource Files</Filter>
    </Image>
    <Image Include="..\..\..\..\..\..\..\Daniel Tyrer- C++ Project Source Code\wheel9.jpg">
      <Filter>Resource Files</Filter>
    </Image>
    <Image Include="..\..\..\..\..\..\..\Daniel Tyrer- C++ Project Source Code\wheel10.jpg">
      <Filter>Resource Files</Filter>
    </Image>
    <Image Include="..\..\..\..\..\..\..\Daniel Tyrer- C++ Project Source Code\wheel11.jpg">
      <Filter>Resource Files</Filter>
    </Image>
    <Image Include="..\..\..\..\..\..\..\Daniel Tyrer- C++ Project Source Code\wheel12.jpg">
      <Filter>Resource Files</Filter>
    </Image>
    <Image Include="..\..\..\..\..\..\..\Daniel Tyrer- C++ Project Source Code\wheel13.jpg">
      <Filter>Resource Files</Filter>
    </Image>
    <Image Include="..\..\..\..\..\..\..\Daniel Tyrer- C++ Project Source Code\wheel14.jpg">
      <Filter>Resource Files</Filter>
    </Image>
    <Image Include="..\..\..\..\..\..\..\Daniel Tyrer- C++ Project Source Code\wheel15.jpg">
      <Filter>Resource Files</Filter>
    </Image>
    <Image Include="..\..\..\..\..\..\..\Daniel Tyrer- C++ Project Source Code\wheel16.jpg">
      <Filter>Resource Files</Filter>
    </Image>
    <Image Include="..\..\..\..\..\..\..\Daniel Tyrer- C++ Project Source Code\wheel17.jpg">
      <Filter>Resource Files</Filter>
    </Image>
    <Image Include="..\..\..\..\..\..\..\Daniel Tyrer- C++ Project Source Code\wheel18.jpg">
      <Filter>Resource Files</Filter>
    </Image>
    <Image Include="..\..\..\..\..\..\..\Daniel Tyrer- C++ Project Source Code\wheel19.jpg">
      <Filter>Resource Files</Filter>
    </Image>
    <Image Include="..\..\..\..\..\..\..\Daniel Tyrer- C++ Project Source Code\wheel20.jpg">
      <Filter>Resource Files</Filter>
    </Image>
    <Image Include="..\..\..\..\..\..\..\Daniel Tyrer- C++ Project Source Code\wheel21.jpg">
      <Filter>Resource Files</Filter>
    </Image>
    <Image Include="..\..\..\..\..\..\..\Daniel Tyrer- C++ Project Source Code\wheel22.jpg">
      <Filter>Resource Files</Filter>
    </Image>
    <Image Include="..\..\..\..\..\..\..\Daniel Tyrer- C++ Project Source Code\wheel23.jpg">
      <Filter>Resource Files</Filter>
    </Image>
    <Image Include="..\..\..\..\..\..\..\Daniel Tyrer- C++ Project Source Code\wheel24.jpg">
      <Filter>Resource Files</Filter>
    </Image>
    <Image Include="..\..\..\..\..\..\..\Daniel Tyrer- C++ Project Source Code\wheel25.jpg">
      <Filter>Resource Files</Filter>
    </Image>
    <Image Include="..\..\..\..\..\..\..\Daniel Tyrer- C++ Project Source Code\wheel26.jpg">
      <Filter>Resource Files</Filter>
    </Image>
    <Image Include="..\..\..\..\..\..\..\Daniel Tyrer- C++ Project Source Code\wheel27.jpg">
      <Filter>Resource Files</Filter>
    </Image>
    <Image Include="..\..\..\..\..\..\..\Daniel Tyrer- C++ Project Source Code\wheel28.jpg">
      <Filter>Resource Files</Filter>
    </Image>
    <Image Include="..\..\..\..\..\..\..\Daniel Tyrer- C++ Project Source Code\wheel29.jpg">
      <Filter>Resource Files</Filter>
    </Image>
    <Image Include="..\..\..\..\..\..\..\Daniel Tyrer- C++ Project Source Code\wheel30.jpg">
      <Filter>Resource Files</Filter>
    </Image>
    <Image Include="..\..\..\..\..\..\..\Daniel Tyrer- C++ Project Source Code\wheel31.jpg">
      <Filter>Resource Files</Filter>
    </Image>
    <Image Include="..\..\..\..\..\..\..\Daniel Tyrer- C++ Project Source Code\wheel32.jpg">
      <Filter>Resource Files</Filter>
    </Image>
    <Image Include="..\..\..\..\..\..\..\Daniel Tyrer- C++ Project Source Code\wheel33.jpg">
      <Filter>Resource Files</Filter>
    </Image>
    <Image Include="..\..\..\..\..\..\..\Daniel Tyrer- C++ Project Source Code\wheel34.jpg">
      <Filter>Resource Files</Filter>
    </Image>
    <Image Include="..\..\..\..\..\..\..\Daniel Tyrer- C++ Project Source Code\wheel35.jpg">
      <Filter>Resource Files</Filter>
    </Image>
    <Image Include="..\..\..\..\..\..\..\Daniel Tyrer- C++ Project Source Code\wheel36.jpg">
      <Filter>Resource Files</Filter>
    </Image>
  </ItemGroup>
  <ItemGroup>
    <None Include="..\..\..\..\..\..\..\Daniel Tyrer- C++ Project Source Code\highscore.dat">
      <Filter>Resource Files</Filter>
    </None>
    <None Include="..\..\..\..\..\..\..\Daniel Tyrer- C++ Project Source Code\instructions.dat">
      <Filter>Resource Files</Filter>
    </None>
  </ItemGroup>
</Project>